// !$*UTF8*$!
{
	archiveVersion = 1;
	classes = {
	};
	objectVersion = 50;
	objects = {

/* Begin PBXBuildFile section */
		3C94C80A2295313B00C2BB28 /* WeatherParser.swift in Sources */ = {isa = PBXBuildFile; fileRef = 3C94C8092295313B00C2BB28 /* WeatherParser.swift */; };
		3CE742482291579C000F81A9 /* AppDelegate.swift in Sources */ = {isa = PBXBuildFile; fileRef = 3CE742472291579C000F81A9 /* AppDelegate.swift */; };
		3CE7424A2291579C000F81A9 /* ViewController.swift in Sources */ = {isa = PBXBuildFile; fileRef = 3CE742492291579C000F81A9 /* ViewController.swift */; };
		3CE7424D2291579C000F81A9 /* Main.storyboard in Resources */ = {isa = PBXBuildFile; fileRef = 3CE7424B2291579C000F81A9 /* Main.storyboard */; };
		3CE742502291579C000F81A9 /* yrWeather.xcdatamodeld in Sources */ = {isa = PBXBuildFile; fileRef = 3CE7424E2291579C000F81A9 /* yrWeather.xcdatamodeld */; };
		3CE742522291579E000F81A9 /* Assets.xcassets in Resources */ = {isa = PBXBuildFile; fileRef = 3CE742512291579E000F81A9 /* Assets.xcassets */; };
		3CE742552291579E000F81A9 /* LaunchScreen.storyboard in Resources */ = {isa = PBXBuildFile; fileRef = 3CE742532291579E000F81A9 /* LaunchScreen.storyboard */; };
		3CE742602291579E000F81A9 /* yrWeatherTests.swift in Sources */ = {isa = PBXBuildFile; fileRef = 3CE7425F2291579E000F81A9 /* yrWeatherTests.swift */; };
		3CE7426B2291579E000F81A9 /* yrWeatherUITests.swift in Sources */ = {isa = PBXBuildFile; fileRef = 3CE7426A2291579E000F81A9 /* yrWeatherUITests.swift */; };
		3CE742792292BABD000F81A9 /* appicon_200px.jpg in Resources */ = {isa = PBXBuildFile; fileRef = 3CE742782292BABC000F81A9 /* appicon_200px.jpg */; };
		3CE7427B2292C153000F81A9 /* appicon_200px_round.png in Resources */ = {isa = PBXBuildFile; fileRef = 3CE7427A2292C153000F81A9 /* appicon_200px_round.png */; };
		3CE7427F2292C4AC000F81A9 /* SettingsViewController.swift in Sources */ = {isa = PBXBuildFile; fileRef = 3CE7427E2292C4AC000F81A9 /* SettingsViewController.swift */; };
		3CE742812292D36A000F81A9 /* blaxk_rain.jpg in Resources */ = {isa = PBXBuildFile; fileRef = 3CE742802292D36A000F81A9 /* blaxk_rain.jpg */; };
		3CF82145229408960097B4EE /* weezle_rain.png in Resources */ = {isa = PBXBuildFile; fileRef = 3CF82144229408960097B4EE /* weezle_rain.png */; };
		3CF82147229417540097B4EE /* add_48px.png in Resources */ = {isa = PBXBuildFile; fileRef = 3CF82146229417540097B4EE /* add_48px.png */; };
		3CF82149229417B60097B4EE /* about_48px.png in Resources */ = {isa = PBXBuildFile; fileRef = 3CF82148229417B60097B4EE /* about_48px.png */; };
		3CF8214C22941A2D0097B4EE /* about.png in Resources */ = {isa = PBXBuildFile; fileRef = 3CF8214A22941A2C0097B4EE /* about.png */; };
		3CF8214D22941A2D0097B4EE /* favourites.png in Resources */ = {isa = PBXBuildFile; fileRef = 3CF8214B22941A2C0097B4EE /* favourites.png */; };
		3CF8214F22941C5B0097B4EE /* about_background.png in Resources */ = {isa = PBXBuildFile; fileRef = 3CF8214E22941C5B0097B4EE /* about_background.png */; };
		3CF82157229425D80097B4EE /* favorites_background.jpg in Resources */ = {isa = PBXBuildFile; fileRef = 3CF82156229425D80097B4EE /* favorites_background.jpg */; };
		3CF821592294276C0097B4EE /* FavViewController.swift in Sources */ = {isa = PBXBuildFile; fileRef = 3CF821582294276C0097B4EE /* FavViewController.swift */; };
/* End PBXBuildFile section */

/* Begin PBXContainerItemProxy section */
		3CE7425C2291579E000F81A9 /* PBXContainerItemProxy */ = {
			isa = PBXContainerItemProxy;
			containerPortal = 3CE7423C2291579C000F81A9 /* Project object */;
			proxyType = 1;
			remoteGlobalIDString = 3CE742432291579C000F81A9;
			remoteInfo = yrWeather;
		};
		3CE742672291579E000F81A9 /* PBXContainerItemProxy */ = {
			isa = PBXContainerItemProxy;
			containerPortal = 3CE7423C2291579C000F81A9 /* Project object */;
			proxyType = 1;
			remoteGlobalIDString = 3CE742432291579C000F81A9;
			remoteInfo = yrWeather;
		};
/* End PBXContainerItemProxy section */

/* Begin PBXFileReference section */
		3C94C8092295313B00C2BB28 /* WeatherParser.swift */ = {isa = PBXFileReference; lastKnownFileType = sourcecode.swift; path = WeatherParser.swift; sourceTree = "<group>"; };
		3CE742442291579C000F81A9 /* yrWeather.app */ = {isa = PBXFileReference; explicitFileType = wrapper.application; includeInIndex = 0; path = yrWeather.app; sourceTree = BUILT_PRODUCTS_DIR; };
		3CE742472291579C000F81A9 /* AppDelegate.swift */ = {isa = PBXFileReference; lastKnownFileType = sourcecode.swift; path = AppDelegate.swift; sourceTree = "<group>"; };
		3CE742492291579C000F81A9 /* ViewController.swift */ = {isa = PBXFileReference; lastKnownFileType = sourcecode.swift; path = ViewController.swift; sourceTree = "<group>"; };
		3CE7424C2291579C000F81A9 /* Base */ = {isa = PBXFileReference; lastKnownFileType = file.storyboard; name = Base; path = Base.lproj/Main.storyboard; sourceTree = "<group>"; };
		3CE7424F2291579C000F81A9 /* yrWeather.xcdatamodel */ = {isa = PBXFileReference; lastKnownFileType = wrapper.xcdatamodel; path = yrWeather.xcdatamodel; sourceTree = "<group>"; };
		3CE742512291579E000F81A9 /* Assets.xcassets */ = {isa = PBXFileReference; lastKnownFileType = folder.assetcatalog; path = Assets.xcassets; sourceTree = "<group>"; };
		3CE742542291579E000F81A9 /* Base */ = {isa = PBXFileReference; lastKnownFileType = file.storyboard; name = Base; path = Base.lproj/LaunchScreen.storyboard; sourceTree = "<group>"; };
		3CE742562291579E000F81A9 /* Info.plist */ = {isa = PBXFileReference; lastKnownFileType = text.plist.xml; path = Info.plist; sourceTree = "<group>"; };
		3CE7425B2291579E000F81A9 /* yrWeatherTests.xctest */ = {isa = PBXFileReference; explicitFileType = wrapper.cfbundle; includeInIndex = 0; path = yrWeatherTests.xctest; sourceTree = BUILT_PRODUCTS_DIR; };
		3CE7425F2291579E000F81A9 /* yrWeatherTests.swift */ = {isa = PBXFileReference; lastKnownFileType = sourcecode.swift; path = yrWeatherTests.swift; sourceTree = "<group>"; };
		3CE742612291579E000F81A9 /* Info.plist */ = {isa = PBXFileReference; lastKnownFileType = text.plist.xml; path = Info.plist; sourceTree = "<group>"; };
		3CE742662291579E000F81A9 /* yrWeatherUITests.xctest */ = {isa = PBXFileReference; explicitFileType = wrapper.cfbundle; includeInIndex = 0; path = yrWeatherUITests.xctest; sourceTree = BUILT_PRODUCTS_DIR; };
		3CE7426A2291579E000F81A9 /* yrWeatherUITests.swift */ = {isa = PBXFileReference; lastKnownFileType = sourcecode.swift; path = yrWeatherUITests.swift; sourceTree = "<group>"; };
		3CE7426C2291579E000F81A9 /* Info.plist */ = {isa = PBXFileReference; lastKnownFileType = text.plist.xml; path = Info.plist; sourceTree = "<group>"; };
		3CE742782292BABC000F81A9 /* appicon_200px.jpg */ = {isa = PBXFileReference; lastKnownFileType = image.jpeg; name = appicon_200px.jpg; path = _resources/appicon_200px.jpg; sourceTree = SOURCE_ROOT; };
		3CE7427A2292C153000F81A9 /* appicon_200px_round.png */ = {isa = PBXFileReference; lastKnownFileType = image.png; name = appicon_200px_round.png; path = _resources/appicon_200px_round.png; sourceTree = SOURCE_ROOT; };
		3CE7427E2292C4AC000F81A9 /* SettingsViewController.swift */ = {isa = PBXFileReference; lastKnownFileType = sourcecode.swift; path = SettingsViewController.swift; sourceTree = "<group>"; };
		3CE742802292D36A000F81A9 /* blaxk_rain.jpg */ = {isa = PBXFileReference; lastKnownFileType = image.jpeg; name = blaxk_rain.jpg; path = _resources/blaxk_rain.jpg; sourceTree = SOURCE_ROOT; };
		3CF82144229408960097B4EE /* weezle_rain.png */ = {isa = PBXFileReference; lastKnownFileType = image.png; name = weezle_rain.png; path = _resources/weather_icons/weezle_weather_icons/weezle_rain.png; sourceTree = SOURCE_ROOT; };
		3CF82146229417540097B4EE /* add_48px.png */ = {isa = PBXFileReference; lastKnownFileType = image.png; name = add_48px.png; path = _resources/add_48px.png; sourceTree = SOURCE_ROOT; };
		3CF82148229417B60097B4EE /* about_48px.png */ = {isa = PBXFileReference; lastKnownFileType = image.png; name = about_48px.png; path = _resources/about_48px.png; sourceTree = SOURCE_ROOT; };
		3CF8214A22941A2C0097B4EE /* about.png */ = {isa = PBXFileReference; lastKnownFileType = image.png; name = about.png; path = _resources/about.png; sourceTree = SOURCE_ROOT; };
		3CF8214B22941A2C0097B4EE /* favourites.png */ = {isa = PBXFileReference; lastKnownFileType = image.png; name = favourites.png; path = _resources/favourites.png; sourceTree = SOURCE_ROOT; };
		3CF8214E22941C5B0097B4EE /* about_background.png */ = {isa = PBXFileReference; lastKnownFileType = image.png; name = about_background.png; path = _resources/about_background.png; sourceTree = SOURCE_ROOT; };
		3CF82156229425D80097B4EE /* favorites_background.jpg */ = {isa = PBXFileReference; lastKnownFileType = image.jpeg; name = favorites_background.jpg; path = _resources/favorites_background.jpg; sourceTree = SOURCE_ROOT; };
		3CF821582294276C0097B4EE /* FavViewController.swift */ = {isa = PBXFileReference; lastKnownFileType = sourcecode.swift; path = FavViewController.swift; sourceTree = "<group>"; };
/* End PBXFileReference section */

/* Begin PBXFrameworksBuildPhase section */
		3CE742412291579C000F81A9 /* Frameworks */ = {
			isa = PBXFrameworksBuildPhase;
			buildActionMask = 2147483647;
			files = (
			);
			runOnlyForDeploymentPostprocessing = 0;
		};
		3CE742582291579E000F81A9 /* Frameworks */ = {
			isa = PBXFrameworksBuildPhase;
			buildActionMask = 2147483647;
			files = (
			);
			runOnlyForDeploymentPostprocessing = 0;
		};
		3CE742632291579E000F81A9 /* Frameworks */ = {
			isa = PBXFrameworksBuildPhase;
			buildActionMask = 2147483647;
			files = (
			);
			runOnlyForDeploymentPostprocessing = 0;
		};
/* End PBXFrameworksBuildPhase section */

/* Begin PBXGroup section */
		3CE7423B2291579C000F81A9 = {
			isa = PBXGroup;
			children = (
				3CE742462291579C000F81A9 /* yrWeather */,
				3CE7425E2291579E000F81A9 /* yrWeatherTests */,
				3CE742692291579E000F81A9 /* yrWeatherUITests */,
				3CE742452291579C000F81A9 /* Products */,
			);
			sourceTree = "<group>";
		};
		3CE742452291579C000F81A9 /* Products */ = {
			isa = PBXGroup;
			children = (
				3CE742442291579C000F81A9 /* yrWeather.app */,
				3CE7425B2291579E000F81A9 /* yrWeatherTests.xctest */,
				3CE742662291579E000F81A9 /* yrWeatherUITests.xctest */,
			);
			name = Products;
			sourceTree = "<group>";
		};
		3CE742462291579C000F81A9 /* yrWeather */ = {
			isa = PBXGroup;
			children = (
				3C94C8092295313B00C2BB28 /* WeatherParser.swift */,
				3CE742472291579C000F81A9 /* AppDelegate.swift */,
				3CE742492291579C000F81A9 /* ViewController.swift */,
				3CE7424B2291579C000F81A9 /* Main.storyboard */,
				3CE7427E2292C4AC000F81A9 /* SettingsViewController.swift */,
				3CE742512291579E000F81A9 /* Assets.xcassets */,
				3CE742532291579E000F81A9 /* LaunchScreen.storyboard */,
				3CE742562291579E000F81A9 /* Info.plist */,
				3CE7424E2291579C000F81A9 /* yrWeather.xcdatamodeld */,
				3CE742802292D36A000F81A9 /* blaxk_rain.jpg */,
				3CF8214E22941C5B0097B4EE /* about_background.png */,
				3CE7427A2292C153000F81A9 /* appicon_200px_round.png */,
				3CE742782292BABC000F81A9 /* appicon_200px.jpg */,
				3CF82146229417540097B4EE /* add_48px.png */,
				3CF82148229417B60097B4EE /* about_48px.png */,
				3CF8214A22941A2C0097B4EE /* about.png */,
				3CF82156229425D80097B4EE /* favorites_background.jpg */,
				3CF8214B22941A2C0097B4EE /* favourites.png */,
				3CF82144229408960097B4EE /* weezle_rain.png */,
				3CF821582294276C0097B4EE /* FavViewController.swift */,
			);
			path = yrWeather;
			sourceTree = "<group>";
		};
		3CE7425E2291579E000F81A9 /* yrWeatherTests */ = {
			isa = PBXGroup;
			children = (
				3CE7425F2291579E000F81A9 /* yrWeatherTests.swift */,
				3CE742612291579E000F81A9 /* Info.plist */,
			);
			path = yrWeatherTests;
			sourceTree = "<group>";
		};
		3CE742692291579E000F81A9 /* yrWeatherUITests */ = {
			isa = PBXGroup;
			children = (
				3CE7426A2291579E000F81A9 /* yrWeatherUITests.swift */,
				3CE7426C2291579E000F81A9 /* Info.plist */,
			);
			path = yrWeatherUITests;
			sourceTree = "<group>";
		};
/* End PBXGroup section */

/* Begin PBXNativeTarget section */
		3CE742432291579C000F81A9 /* yrWeather */ = {
			isa = PBXNativeTarget;
			buildConfigurationList = 3CE7426F2291579E000F81A9 /* Build configuration list for PBXNativeTarget "yrWeather" */;
			buildPhases = (
				3CE742402291579C000F81A9 /* Sources */,
				3CE742412291579C000F81A9 /* Frameworks */,
				3CE742422291579C000F81A9 /* Resources */,
			);
			buildRules = (
			);
			dependencies = (
			);
			name = yrWeather;
			productName = yrWeather;
			productReference = 3CE742442291579C000F81A9 /* yrWeather.app */;
			productType = "com.apple.product-type.application";
		};
		3CE7425A2291579E000F81A9 /* yrWeatherTests */ = {
			isa = PBXNativeTarget;
			buildConfigurationList = 3CE742722291579E000F81A9 /* Build configuration list for PBXNativeTarget "yrWeatherTests" */;
			buildPhases = (
				3CE742572291579E000F81A9 /* Sources */,
				3CE742582291579E000F81A9 /* Frameworks */,
				3CE742592291579E000F81A9 /* Resources */,
			);
			buildRules = (
			);
			dependencies = (
				3CE7425D2291579E000F81A9 /* PBXTargetDependency */,
			);
			name = yrWeatherTests;
			productName = yrWeatherTests;
			productReference = 3CE7425B2291579E000F81A9 /* yrWeatherTests.xctest */;
			productType = "com.apple.product-type.bundle.unit-test";
		};
		3CE742652291579E000F81A9 /* yrWeatherUITests */ = {
			isa = PBXNativeTarget;
			buildConfigurationList = 3CE742752291579E000F81A9 /* Build configuration list for PBXNativeTarget "yrWeatherUITests" */;
			buildPhases = (
				3CE742622291579E000F81A9 /* Sources */,
				3CE742632291579E000F81A9 /* Frameworks */,
				3CE742642291579E000F81A9 /* Resources */,
			);
			buildRules = (
			);
			dependencies = (
				3CE742682291579E000F81A9 /* PBXTargetDependency */,
			);
			name = yrWeatherUITests;
			productName = yrWeatherUITests;
			productReference = 3CE742662291579E000F81A9 /* yrWeatherUITests.xctest */;
			productType = "com.apple.product-type.bundle.ui-testing";
		};
/* End PBXNativeTarget section */

/* Begin PBXProject section */
		3CE7423C2291579C000F81A9 /* Project object */ = {
			isa = PBXProject;
			attributes = {
				LastSwiftUpdateCheck = 1020;
				LastUpgradeCheck = 1020;
				ORGANIZATIONNAME = "Joerg Neugebauer";
				TargetAttributes = {
					3CE742432291579C000F81A9 = {
						CreatedOnToolsVersion = 10.2.1;
					};
					3CE7425A2291579E000F81A9 = {
						CreatedOnToolsVersion = 10.2.1;
						TestTargetID = 3CE742432291579C000F81A9;
					};
					3CE742652291579E000F81A9 = {
						CreatedOnToolsVersion = 10.2.1;
						TestTargetID = 3CE742432291579C000F81A9;
					};
				};
			};
			buildConfigurationList = 3CE7423F2291579C000F81A9 /* Build configuration list for PBXProject "yrWeather" */;
			compatibilityVersion = "Xcode 9.3";
			developmentRegion = en;
			hasScannedForEncodings = 0;
			knownRegions = (
				en,
				Base,
			);
			mainGroup = 3CE7423B2291579C000F81A9;
			productRefGroup = 3CE742452291579C000F81A9 /* Products */;
			projectDirPath = "";
			projectRoot = "";
			targets = (
				3CE742432291579C000F81A9 /* yrWeather */,
				3CE7425A2291579E000F81A9 /* yrWeatherTests */,
				3CE742652291579E000F81A9 /* yrWeatherUITests */,
			);
		};
/* End PBXProject section */

/* Begin PBXResourcesBuildPhase section */
		3CE742422291579C000F81A9 /* Resources */ = {
			isa = PBXResourcesBuildPhase;
			buildActionMask = 2147483647;
			files = (
				3CF82147229417540097B4EE /* add_48px.png in Resources */,
				3CE742552291579E000F81A9 /* LaunchScreen.storyboard in Resources */,
				3CE742522291579E000F81A9 /* Assets.xcassets in Resources */,
				3CE7427B2292C153000F81A9 /* appicon_200px_round.png in Resources */,
				3CE7424D2291579C000F81A9 /* Main.storyboard in Resources */,
				3CF8214F22941C5B0097B4EE /* about_background.png in Resources */,
				3CF8214C22941A2D0097B4EE /* about.png in Resources */,
				3CE742812292D36A000F81A9 /* blaxk_rain.jpg in Resources */,
				3CE742792292BABD000F81A9 /* appicon_200px.jpg in Resources */,
				3CF82157229425D80097B4EE /* favorites_background.jpg in Resources */,
				3CF82145229408960097B4EE /* weezle_rain.png in Resources */,
				3CF8214D22941A2D0097B4EE /* favourites.png in Resources */,
				3CF82149229417B60097B4EE /* about_48px.png in Resources */,
			);
			runOnlyForDeploymentPostprocessing = 0;
		};
		3CE742592291579E000F81A9 /* Resources */ = {
			isa = PBXResourcesBuildPhase;
			buildActionMask = 2147483647;
			files = (
			);
			runOnlyForDeploymentPostprocessing = 0;
		};
		3CE742642291579E000F81A9 /* Resources */ = {
			isa = PBXResourcesBuildPhase;
			buildActionMask = 2147483647;
			files = (
			);
			runOnlyForDeploymentPostprocessing = 0;
		};
/* End PBXResourcesBuildPhase section */

/* Begin PBXSourcesBuildPhase section */
		3CE742402291579C000F81A9 /* Sources */ = {
			isa = PBXSourcesBuildPhase;
			buildActionMask = 2147483647;
			files = (
				3CF821592294276C0097B4EE /* FavViewController.swift in Sources */,
				3C94C80A2295313B00C2BB28 /* WeatherParser.swift in Sources */,
				3CE7424A2291579C000F81A9 /* ViewController.swift in Sources */,
				3CE742502291579C000F81A9 /* yrWeather.xcdatamodeld in Sources */,
				3CE7427F2292C4AC000F81A9 /* SettingsViewController.swift in Sources */,
				3CE742482291579C000F81A9 /* AppDelegate.swift in Sources */,
			);
			runOnlyForDeploymentPostprocessing = 0;
		};
		3CE742572291579E000F81A9 /* Sources */ = {
			isa = PBXSourcesBuildPhase;
			buildActionMask = 2147483647;
			files = (
				3CE742602291579E000F81A9 /* yrWeatherTests.swift in Sources */,
			);
			runOnlyForDeploymentPostprocessing = 0;
		};
		3CE742622291579E000F81A9 /* Sources */ = {
			isa = PBXSourcesBuildPhase;
			buildActionMask = 2147483647;
			files = (
				3CE7426B2291579E000F81A9 /* yrWeatherUITests.swift in Sources */,
			);
			runOnlyForDeploymentPostprocessing = 0;
		};
/* End PBXSourcesBuildPhase section */

/* Begin PBXTargetDependency section */
		3CE7425D2291579E000F81A9 /* PBXTargetDependency */ = {
			isa = PBXTargetDependency;
			target = 3CE742432291579C000F81A9 /* yrWeather */;
			targetProxy = 3CE7425C2291579E000F81A9 /* PBXContainerItemProxy */;
		};
		3CE742682291579E000F81A9 /* PBXTargetDependency */ = {
			isa = PBXTargetDependency;
			target = 3CE742432291579C000F81A9 /* yrWeather */;
			targetProxy = 3CE742672291579E000F81A9 /* PBXContainerItemProxy */;
		};
/* End PBXTargetDependency section */

/* Begin PBXVariantGroup section */
		3CE7424B2291579C000F81A9 /* Main.storyboard */ = {
			isa = PBXVariantGroup;
			children = (
				3CE7424C2291579C000F81A9 /* Base */,
			);
			name = Main.storyboard;
			sourceTree = "<group>";
		};
		3CE742532291579E000F81A9 /* LaunchScreen.storyboard */ = {
			isa = PBXVariantGroup;
			children = (
				3CE742542291579E000F81A9 /* Base */,
			);
			name = LaunchScreen.storyboard;
			sourceTree = "<group>";
		};
/* End PBXVariantGroup section */

/* Begin XCBuildConfiguration section */
		3CE7426D2291579E000F81A9 /* Debug */ = {
			isa = XCBuildConfiguration;
			buildSettings = {
				ALWAYS_SEARCH_USER_PATHS = NO;
				CLANG_ANALYZER_NONNULL = YES;
				CLANG_ANALYZER_NUMBER_OBJECT_CONVERSION = YES_AGGRESSIVE;
				CLANG_CXX_LANGUAGE_STANDARD = "gnu++14";
				CLANG_CXX_LIBRARY = "libc++";
				CLANG_ENABLE_MODULES = YES;
				CLANG_ENABLE_OBJC_ARC = YES;
				CLANG_ENABLE_OBJC_WEAK = YES;
				CLANG_WARN_BLOCK_CAPTURE_AUTORELEASING = YES;
				CLANG_WARN_BOOL_CONVERSION = YES;
				CLANG_WARN_COMMA = YES;
				CLANG_WARN_CONSTANT_CONVERSION = YES;
				CLANG_WARN_DEPRECATED_OBJC_IMPLEMENTATIONS = YES;
				CLANG_WARN_DIRECT_OBJC_ISA_USAGE = YES_ERROR;
				CLANG_WARN_DOCUMENTATION_COMMENTS = YES;
				CLANG_WARN_EMPTY_BODY = YES;
				CLANG_WARN_ENUM_CONVERSION = YES;
				CLANG_WARN_INFINITE_RECURSION = YES;
				CLANG_WARN_INT_CONVERSION = YES;
				CLANG_WARN_NON_LITERAL_NULL_CONVERSION = YES;
				CLANG_WARN_OBJC_IMPLICIT_RETAIN_SELF = YES;
				CLANG_WARN_OBJC_LITERAL_CONVERSION = YES;
				CLANG_WARN_OBJC_ROOT_CLASS = YES_ERROR;
				CLANG_WARN_RANGE_LOOP_ANALYSIS = YES;
				CLANG_WARN_STRICT_PROTOTYPES = YES;
				CLANG_WARN_SUSPICIOUS_MOVE = YES;
				CLANG_WARN_UNGUARDED_AVAILABILITY = YES_AGGRESSIVE;
				CLANG_WARN_UNREACHABLE_CODE = YES;
				CLANG_WARN__DUPLICATE_METHOD_MATCH = YES;
				CODE_SIGN_IDENTITY = "iPhone Developer";
				COPY_PHASE_STRIP = NO;
				DEBUG_INFORMATION_FORMAT = dwarf;
				DEVELOPMENT_TEAM = H92TJ4AF9D;
				ENABLE_STRICT_OBJC_MSGSEND = YES;
				ENABLE_TESTABILITY = YES;
				GCC_C_LANGUAGE_STANDARD = gnu11;
				GCC_DYNAMIC_NO_PIC = NO;
				GCC_NO_COMMON_BLOCKS = YES;
				GCC_OPTIMIZATION_LEVEL = 0;
				GCC_PREPROCESSOR_DEFINITIONS = (
					"DEBUG=1",
					"$(inherited)",
				);
				GCC_WARN_64_TO_32_BIT_CONVERSION = YES;
				GCC_WARN_ABOUT_RETURN_TYPE = YES_ERROR;
				GCC_WARN_UNDECLARED_SELECTOR = YES;
				GCC_WARN_UNINITIALIZED_AUTOS = YES_AGGRESSIVE;
				GCC_WARN_UNUSED_FUNCTION = YES;
				GCC_WARN_UNUSED_VARIABLE = YES;
				IPHONEOS_DEPLOYMENT_TARGET = 12.2;
				MTL_ENABLE_DEBUG_INFO = INCLUDE_SOURCE;
				MTL_FAST_MATH = YES;
				ONLY_ACTIVE_ARCH = YES;
				SDKROOT = iphoneos;
				SWIFT_ACTIVE_COMPILATION_CONDITIONS = DEBUG;
				SWIFT_OPTIMIZATION_LEVEL = "-Onone";
			};
			name = Debug;
		};
		3CE7426E2291579E000F81A9 /* Release */ = {
			isa = XCBuildConfiguration;
			buildSettings = {
				ALWAYS_SEARCH_USER_PATHS = NO;
				CLANG_ANALYZER_NONNULL = YES;
				CLANG_ANALYZER_NUMBER_OBJECT_CONVERSION = YES_AGGRESSIVE;
				CLANG_CXX_LANGUAGE_STANDARD = "gnu++14";
				CLANG_CXX_LIBRARY = "libc++";
				CLANG_ENABLE_MODULES = YES;
				CLANG_ENABLE_OBJC_ARC = YES;
				CLANG_ENABLE_OBJC_WEAK = YES;
				CLANG_WARN_BLOCK_CAPTURE_AUTORELEASING = YES;
				CLANG_WARN_BOOL_CONVERSION = YES;
				CLANG_WARN_COMMA = YES;
				CLANG_WARN_CONSTANT_CONVERSION = YES;
				CLANG_WARN_DEPRECATED_OBJC_IMPLEMENTATIONS = YES;
				CLANG_WARN_DIRECT_OBJC_ISA_USAGE = YES_ERROR;
				CLANG_WARN_DOCUMENTATION_COMMENTS = YES;
				CLANG_WARN_EMPTY_BODY = YES;
				CLANG_WARN_ENUM_CONVERSION = YES;
				CLANG_WARN_INFINITE_RECURSION = YES;
				CLANG_WARN_INT_CONVERSION = YES;
				CLANG_WARN_NON_LITERAL_NULL_CONVERSION = YES;
				CLANG_WARN_OBJC_IMPLICIT_RETAIN_SELF = YES;
				CLANG_WARN_OBJC_LITERAL_CONVERSION = YES;
				CLANG_WARN_OBJC_ROOT_CLASS = YES_ERROR;
				CLANG_WARN_RANGE_LOOP_ANALYSIS = YES;
				CLANG_WARN_STRICT_PROTOTYPES = YES;
				CLANG_WARN_SUSPICIOUS_MOVE = YES;
				CLANG_WARN_UNGUARDED_AVAILABILITY = YES_AGGRESSIVE;
				CLANG_WARN_UNREACHABLE_CODE = YES;
				CLANG_WARN__DUPLICATE_METHOD_MATCH = YES;
				CODE_SIGN_IDENTITY = "iPhone Developer";
				COPY_PHASE_STRIP = NO;
				DEBUG_INFORMATION_FORMAT = "dwarf-with-dsym";
				DEVELOPMENT_TEAM = H92TJ4AF9D;
				ENABLE_NS_ASSERTIONS = NO;
				ENABLE_STRICT_OBJC_MSGSEND = YES;
				GCC_C_LANGUAGE_STANDARD = gnu11;
				GCC_NO_COMMON_BLOCKS = YES;
				GCC_WARN_64_TO_32_BIT_CONVERSION = YES;
				GCC_WARN_ABOUT_RETURN_TYPE = YES_ERROR;
				GCC_WARN_UNDECLARED_SELECTOR = YES;
				GCC_WARN_UNINITIALIZED_AUTOS = YES_AGGRESSIVE;
				GCC_WARN_UNUSED_FUNCTION = YES;
				GCC_WARN_UNUSED_VARIABLE = YES;
				IPHONEOS_DEPLOYMENT_TARGET = 12.2;
				MTL_ENABLE_DEBUG_INFO = NO;
				MTL_FAST_MATH = YES;
				SDKROOT = iphoneos;
				SWIFT_COMPILATION_MODE = wholemodule;
				SWIFT_OPTIMIZATION_LEVEL = "-O";
				VALIDATE_PRODUCT = YES;
			};
			name = Release;
		};
		3CE742702291579E000F81A9 /* Debug */ = {
			isa = XCBuildConfiguration;
			buildSettings = {
				ASSETCATALOG_COMPILER_APPICON_NAME = AppIcon;
				CODE_SIGN_STYLE = Automatic;
				INFOPLIST_FILE = yrWeather/Info.plist;
				LD_RUNPATH_SEARCH_PATHS = (
					"$(inherited)",
					"@executable_path/Frameworks",
				);
				PRODUCT_BUNDLE_IDENTIFIER = jn18dev.yrWeather;
				PRODUCT_NAME = "$(TARGET_NAME)";
				SWIFT_VERSION = 5.0;
				TARGETED_DEVICE_FAMILY = "1,2";
			};
			name = Debug;
		};
		3CE742712291579E000F81A9 /* Release */ = {
			isa = XCBuildConfiguration;
			buildSettings = {
				ASSETCATALOG_COMPILER_APPICON_NAME = AppIcon;
				CODE_SIGN_STYLE = Automatic;
				INFOPLIST_FILE = yrWeather/Info.plist;
				LD_RUNPATH_SEARCH_PATHS = (
					"$(inherited)",
					"@executable_path/Frameworks",
				);
				PRODUCT_BUNDLE_IDENTIFIER = jn18dev.yrWeather;
				PRODUCT_NAME = "$(TARGET_NAME)";
				SWIFT_VERSION = 5.0;
				TARGETED_DEVICE_FAMILY = "1,2";
			};
			name = Release;
		};
		3CE742732291579E000F81A9 /* Debug */ = {
			isa = XCBuildConfiguration;
			buildSettings = {
				ALWAYS_EMBED_SWIFT_STANDARD_LIBRARIES = YES;
				BUNDLE_LOADER = "$(TEST_HOST)";
				CODE_SIGN_STYLE = Automatic;
				INFOPLIST_FILE = yrWeatherTests/Info.plist;
				LD_RUNPATH_SEARCH_PATHS = (
					"$(inherited)",
					"@executable_path/Frameworks",
					"@loader_path/Frameworks",
				);
				PRODUCT_BUNDLE_IDENTIFIER = jn18dev.yrWeatherTests;
				PRODUCT_NAME = "$(TARGET_NAME)";
				SWIFT_VERSION = 5.0;
				TARGETED_DEVICE_FAMILY = "1,2";
				TEST_HOST = "$(BUILT_PRODUCTS_DIR)/yrWeather.app/yrWeather";
			};
			name = Debug;
		};
		3CE742742291579E000F81A9 /* Release */ = {
			isa = XCBuildConfiguration;
			buildSettings = {
				ALWAYS_EMBED_SWIFT_STANDARD_LIBRARIES = YES;
				BUNDLE_LOADER = "$(TEST_HOST)";
				CODE_SIGN_STYLE = Automatic;
				INFOPLIST_FILE = yrWeatherTests/Info.plist;
				LD_RUNPATH_SEARCH_PATHS = (
					"$(inherited)",
					"@executable_path/Frameworks",
					"@loader_path/Frameworks",
				);
				PRODUCT_BUNDLE_IDENTIFIER = jn18dev.yrWeatherTests;
				PRODUCT_NAME = "$(TARGET_NAME)";
				SWIFT_VERSION = 5.0;
				TARGETED_DEVICE_FAMILY = "1,2";
				TEST_HOST = "$(BUILT_PRODUCTS_DIR)/yrWeather.app/yrWeather";
			};
			name = Release;
		};
		3CE742762291579E000F81A9 /* Debug */ = {
			isa = XCBuildConfiguration;
			buildSettings = {
				ALWAYS_EMBED_SWIFT_STANDARD_LIBRARIES = YES;
				CODE_SIGN_STYLE = Automatic;
				INFOPLIST_FILE = yrWeatherUITests/Info.plist;
				LD_RUNPATH_SEARCH_PATHS = (
					"$(inherited)",
					"@executable_path/Frameworks",
					"@loader_path/Frameworks",
				);
				PRODUCT_BUNDLE_IDENTIFIER = jn18dev.yrWeatherUITests;
				PRODUCT_NAME = "$(TARGET_NAME)";
				SWIFT_VERSION = 5.0;
				TARGETED_DEVICE_FAMILY = "1,2";
				TEST_TARGET_NAME = yrWeather;
			};
			name = Debug;
		};
		3CE742772291579E000F81A9 /* Release */ = {
			isa = XCBuildConfiguration;
			buildSettings = {
				ALWAYS_EMBED_SWIFT_STANDARD_LIBRARIES = YES;
				CODE_SIGN_STYLE = Automatic;
				INFOPLIST_FILE = yrWeatherUITests/Info.plist;
				LD_RUNPATH_SEARCH_PATHS = (
					"$(inherited)",
					"@executable_path/Frameworks",
					"@loader_path/Frameworks",
				);
				PRODUCT_BUNDLE_IDENTIFIER = jn18dev.yrWeatherUITests;
				PRODUCT_NAME = "$(TARGET_NAME)";
				SWIFT_VERSION = 5.0;
				TARGETED_DEVICE_FAMILY = "1,2";
				TEST_TARGET_NAME = yrWeather;
			};
			name = Release;
		};
/* End XCBuildConfiguration section */

/* Begin XCConfigurationList section */
		3CE7423F2291579C000F81A9 /* Build configuration list for PBXProject "yrWeather" */ = {
			isa = XCConfigurationList;
			buildConfigurations = (
				3CE7426D2291579E000F81A9 /* Debug */,
				3CE7426E2291579E000F81A9 /* Release */,
			);
			defaultConfigurationIsVisible = 0;
			defaultConfigurationName = Release;
		};
		3CE7426F2291579E000F81A9 /* Build configuration list for PBXNativeTarget "yrWeather" */ = {
			isa = XCConfigurationList;
			buildConfigurations = (
				3CE742702291579E000F81A9 /* Debug */,
				3CE742712291579E000F81A9 /* Release */,
			);
			defaultConfigurationIsVisible = 0;
			defaultConfigurationName = Release;
		};
		3CE742722291579E000F81A9 /* Build configuration list for PBXNativeTarget "yrWeatherTests" */ = {
			isa = XCConfigurationList;
			buildConfigurations = (
				3CE742732291579E000F81A9 /* Debug */,
				3CE742742291579E000F81A9 /* Release */,
			);
			defaultConfigurationIsVisible = 0;
			defaultConfigurationName = Release;
		};
		3CE742752291579E000F81A9 /* Build configuration list for PBXNativeTarget "yrWeatherUITests" */ = {
			isa = XCConfigurationList;
			buildConfigurations = (
				3CE742762291579E000F81A9 /* Debug */,
				3CE742772291579E000F81A9 /* Release */,
			);
			defaultConfigurationIsVisible = 0;
			defaultConfigurationName = Release;
		};
/* End XCConfigurationList section */

/* Begin XCVersionGroup section */
		3CE7424E2291579C000F81A9 /* yrWeather.xcdatamodeld */ = {
			isa = XCVersionGroup;
			children = (
				3CE7424F2291579C000F81A9 /* yrWeather.xcdatamodel */,
			);
			currentVersion = 3CE7424F2291579C000F81A9 /* yrWeather.xcdatamodel */;
			path = yrWeather.xcdatamodeld;
			sourceTree = "<group>";
			versionGroupType = wrapper.xcdatamodel;
		};
/* End XCVersionGroup section */
	};
	rootObject = 3CE7423C2291579C000F81A9 /* Project object */;
}
